// !$*UTF8*$!
{
	archiveVersion = 1;
	classes = {
	};
	objectVersion = 50;
	objects = {

/* Begin PBXBuildFile section */
		14633C2322B0B50800E0A3B8 /* GroupView.swift in Sources */ = {isa = PBXBuildFile; fileRef = 14633C2222B0B50800E0A3B8 /* GroupView.swift */; };
		14633C2522B0B97A00E0A3B8 /* DummyData.swift in Sources */ = {isa = PBXBuildFile; fileRef = 14633C2422B0B97A00E0A3B8 /* DummyData.swift */; };
		14633C2722B0B9AF00E0A3B8 /* Group.swift in Sources */ = {isa = PBXBuildFile; fileRef = 14633C2622B0B9AF00E0A3B8 /* Group.swift */; };
		14735D9422B09EBA0062F7BE /* AppDelegate.swift in Sources */ = {isa = PBXBuildFile; fileRef = 14735D9322B09EBA0062F7BE /* AppDelegate.swift */; };
		14735D9622B09EBA0062F7BE /* SceneDelegate.swift in Sources */ = {isa = PBXBuildFile; fileRef = 14735D9522B09EBA0062F7BE /* SceneDelegate.swift */; };
		14735D9822B09EBA0062F7BE /* ContentView.swift in Sources */ = {isa = PBXBuildFile; fileRef = 14735D9722B09EBA0062F7BE /* ContentView.swift */; };
		14735D9A22B09EBC0062F7BE /* Assets.xcassets in Resources */ = {isa = PBXBuildFile; fileRef = 14735D9922B09EBC0062F7BE /* Assets.xcassets */; };
		14735D9D22B09EBC0062F7BE /* Preview Assets.xcassets in Resources */ = {isa = PBXBuildFile; fileRef = 14735D9C22B09EBC0062F7BE /* Preview Assets.xcassets */; };
		14735DA022B09EBC0062F7BE /* LaunchScreen.storyboard in Resources */ = {isa = PBXBuildFile; fileRef = 14735D9E22B09EBC0062F7BE /* LaunchScreen.storyboard */; };
		14735DA922B0AD090062F7BE /* Post.swift in Sources */ = {isa = PBXBuildFile; fileRef = 14735DA822B0AD090062F7BE /* Post.swift */; };
		14735DAB22B0ADE20062F7BE /* PostView.swift in Sources */ = {isa = PBXBuildFile; fileRef = 14735DAA22B0ADE20062F7BE /* PostView.swift */; };
		14867A2222B1293400F5845B /* SwiftMiamiGroupsTests.swift in Sources */ = {isa = PBXBuildFile; fileRef = 14867A2122B1293400F5845B /* SwiftMiamiGroupsTests.swift */; };
/* End PBXBuildFile section */

/* Begin PBXContainerItemProxy section */
		14867A2422B1293400F5845B /* PBXContainerItemProxy */ = {
			isa = PBXContainerItemProxy;
			containerPortal = 14735D8822B09EBA0062F7BE /* Project object */;
			proxyType = 1;
			remoteGlobalIDString = 14735D8F22B09EBA0062F7BE;
			remoteInfo = SwiftMiamiGroups;
		};
/* End PBXContainerItemProxy section */

/* Begin PBXFileReference section */
		14633C2222B0B50800E0A3B8 /* GroupView.swift */ = {isa = PBXFileReference; lastKnownFileType = sourcecode.swift; path = GroupView.swift; sourceTree = "<group>"; };
		14633C2422B0B97A00E0A3B8 /* DummyData.swift */ = {isa = PBXFileReference; lastKnownFileType = sourcecode.swift; path = DummyData.swift; sourceTree = "<group>"; };
		14633C2622B0B9AF00E0A3B8 /* Group.swift */ = {isa = PBXFileReference; lastKnownFileType = sourcecode.swift; path = Group.swift; sourceTree = "<group>"; };
		14735D9022B09EBA0062F7BE /* SwiftMiamiGroups.app */ = {isa = PBXFileReference; explicitFileType = wrapper.application; includeInIndex = 0; path = SwiftMiamiGroups.app; sourceTree = BUILT_PRODUCTS_DIR; };
		14735D9322B09EBA0062F7BE /* AppDelegate.swift */ = {isa = PBXFileReference; lastKnownFileType = sourcecode.swift; path = AppDelegate.swift; sourceTree = "<group>"; };
		14735D9522B09EBA0062F7BE /* SceneDelegate.swift */ = {isa = PBXFileReference; lastKnownFileType = sourcecode.swift; path = SceneDelegate.swift; sourceTree = "<group>"; };
		14735D9722B09EBA0062F7BE /* ContentView.swift */ = {isa = PBXFileReference; lastKnownFileType = sourcecode.swift; path = ContentView.swift; sourceTree = "<group>"; };
		14735D9922B09EBC0062F7BE /* Assets.xcassets */ = {isa = PBXFileReference; lastKnownFileType = folder.assetcatalog; path = Assets.xcassets; sourceTree = "<group>"; };
		14735D9C22B09EBC0062F7BE /* Preview Assets.xcassets */ = {isa = PBXFileReference; lastKnownFileType = folder.assetcatalog; path = "Preview Assets.xcassets"; sourceTree = "<group>"; };
		14735D9F22B09EBC0062F7BE /* Base */ = {isa = PBXFileReference; lastKnownFileType = file.storyboard; name = Base; path = Base.lproj/LaunchScreen.storyboard; sourceTree = "<group>"; };
		14735DA122B09EBC0062F7BE /* Info.plist */ = {isa = PBXFileReference; lastKnownFileType = text.plist.xml; path = Info.plist; sourceTree = "<group>"; };
		14735DA822B0AD090062F7BE /* Post.swift */ = {isa = PBXFileReference; lastKnownFileType = sourcecode.swift; path = Post.swift; sourceTree = "<group>"; };
		14735DAA22B0ADE20062F7BE /* PostView.swift */ = {isa = PBXFileReference; lastKnownFileType = sourcecode.swift; path = PostView.swift; sourceTree = "<group>"; };
		14867A1F22B1293400F5845B /* SwiftMiamiGroupsTests.xctest */ = {isa = PBXFileReference; explicitFileType = wrapper.cfbundle; includeInIndex = 0; path = SwiftMiamiGroupsTests.xctest; sourceTree = BUILT_PRODUCTS_DIR; };
		14867A2122B1293400F5845B /* SwiftMiamiGroupsTests.swift */ = {isa = PBXFileReference; lastKnownFileType = sourcecode.swift; path = SwiftMiamiGroupsTests.swift; sourceTree = "<group>"; };
		14867A2322B1293400F5845B /* Info.plist */ = {isa = PBXFileReference; lastKnownFileType = text.plist.xml; path = Info.plist; sourceTree = "<group>"; };
/* End PBXFileReference section */

/* Begin PBXFrameworksBuildPhase section */
		14735D8D22B09EBA0062F7BE /* Frameworks */ = {
			isa = PBXFrameworksBuildPhase;
			buildActionMask = 2147483647;
			files = (
			);
			runOnlyForDeploymentPostprocessing = 0;
		};
		14867A1C22B1293400F5845B /* Frameworks */ = {
			isa = PBXFrameworksBuildPhase;
			buildActionMask = 2147483647;
			files = (
			);
			runOnlyForDeploymentPostprocessing = 0;
		};
/* End PBXFrameworksBuildPhase section */

/* Begin PBXGroup section */
		14633C2122B0B4F900E0A3B8 /* Groups */ = {
			isa = PBXGroup;
			children = (
				14633C2622B0B9AF00E0A3B8 /* Group.swift */,
				14633C2222B0B50800E0A3B8 /* GroupView.swift */,
			);
			path = Groups;
			sourceTree = "<group>";
		};
		14735D8722B09EBA0062F7BE = {
			isa = PBXGroup;
			children = (
				14735D9222B09EBA0062F7BE /* SwiftMiamiGroups */,
				14867A2022B1293400F5845B /* SwiftMiamiGroupsTests */,
				14735D9122B09EBA0062F7BE /* Products */,
			);
			sourceTree = "<group>";
		};
		14735D9122B09EBA0062F7BE /* Products */ = {
			isa = PBXGroup;
			children = (
				14735D9022B09EBA0062F7BE /* SwiftMiamiGroups.app */,
				14867A1F22B1293400F5845B /* SwiftMiamiGroupsTests.xctest */,
			);
			name = Products;
			sourceTree = "<group>";
		};
		14735D9222B09EBA0062F7BE /* SwiftMiamiGroups */ = {
			isa = PBXGroup;
			children = (
				14735D9322B09EBA0062F7BE /* AppDelegate.swift */,
				14735D9522B09EBA0062F7BE /* SceneDelegate.swift */,
				14735D9722B09EBA0062F7BE /* ContentView.swift */,
				14633C2422B0B97A00E0A3B8 /* DummyData.swift */,
				14633C2122B0B4F900E0A3B8 /* Groups */,
				14735DA722B0ACFC0062F7BE /* Posts */,
				14735D9922B09EBC0062F7BE /* Assets.xcassets */,
				14735D9E22B09EBC0062F7BE /* LaunchScreen.storyboard */,
				14735DA122B09EBC0062F7BE /* Info.plist */,
				14735D9B22B09EBC0062F7BE /* Preview Content */,
			);
			path = SwiftMiamiGroups;
			sourceTree = "<group>";
		};
		14735D9B22B09EBC0062F7BE /* Preview Content */ = {
			isa = PBXGroup;
			children = (
				14735D9C22B09EBC0062F7BE /* Preview Assets.xcassets */,
			);
			path = "Preview Content";
			sourceTree = "<group>";
		};
		14735DA722B0ACFC0062F7BE /* Posts */ = {
			isa = PBXGroup;
			children = (
				14735DA822B0AD090062F7BE /* Post.swift */,
				14735DAA22B0ADE20062F7BE /* PostView.swift */,
			);
			path = Posts;
			sourceTree = "<group>";
		};
		14867A2022B1293400F5845B /* SwiftMiamiGroupsTests */ = {
			isa = PBXGroup;
			children = (
				14867A2122B1293400F5845B /* SwiftMiamiGroupsTests.swift */,
				14867A2322B1293400F5845B /* Info.plist */,
			);
			path = SwiftMiamiGroupsTests;
			sourceTree = "<group>";
		};
/* End PBXGroup section */

/* Begin PBXNativeTarget section */
		14735D8F22B09EBA0062F7BE /* SwiftMiamiGroups */ = {
			isa = PBXNativeTarget;
			buildConfigurationList = 14735DA422B09EBC0062F7BE /* Build configuration list for PBXNativeTarget "SwiftMiamiGroups" */;
			buildPhases = (
				14735D8C22B09EBA0062F7BE /* Sources */,
				14735D8D22B09EBA0062F7BE /* Frameworks */,
				14735D8E22B09EBA0062F7BE /* Resources */,
			);
			buildRules = (
			);
			dependencies = (
			);
			name = SwiftMiamiGroups;
			productName = SwiftMiamiGroups;
			productReference = 14735D9022B09EBA0062F7BE /* SwiftMiamiGroups.app */;
			productType = "com.apple.product-type.application";
		};
		14867A1E22B1293400F5845B /* SwiftMiamiGroupsTests */ = {
			isa = PBXNativeTarget;
			buildConfigurationList = 14867A2822B1293400F5845B /* Build configuration list for PBXNativeTarget "SwiftMiamiGroupsTests" */;
			buildPhases = (
				14867A1B22B1293400F5845B /* Sources */,
				14867A1C22B1293400F5845B /* Frameworks */,
				14867A1D22B1293400F5845B /* Resources */,
			);
			buildRules = (
			);
			dependencies = (
				14867A2522B1293400F5845B /* PBXTargetDependency */,
			);
			name = SwiftMiamiGroupsTests;
			productName = SwiftMiamiGroupsTests;
			productReference = 14867A1F22B1293400F5845B /* SwiftMiamiGroupsTests.xctest */;
			productType = "com.apple.product-type.bundle.unit-test";
		};
/* End PBXNativeTarget section */

/* Begin PBXProject section */
		14735D8822B09EBA0062F7BE /* Project object */ = {
			isa = PBXProject;
			attributes = {
				LastSwiftUpdateCheck = 1100;
				LastUpgradeCheck = 1100;
				ORGANIZATIONNAME = "Giannini ORC";
				TargetAttributes = {
					14735D8F22B09EBA0062F7BE = {
						CreatedOnToolsVersion = 11.0;
					};
					14867A1E22B1293400F5845B = {
						CreatedOnToolsVersion = 11.0;
						TestTargetID = 14735D8F22B09EBA0062F7BE;
					};
				};
			};
			buildConfigurationList = 14735D8B22B09EBA0062F7BE /* Build configuration list for PBXProject "SwiftMiamiGroups" */;
			compatibilityVersion = "Xcode 9.3";
			developmentRegion = en;
			hasScannedForEncodings = 0;
			knownRegions = (
				en,
				Base,
			);
			mainGroup = 14735D8722B09EBA0062F7BE;
			productRefGroup = 14735D9122B09EBA0062F7BE /* Products */;
			projectDirPath = "";
			projectRoot = "";
			targets = (
				14735D8F22B09EBA0062F7BE /* SwiftMiamiGroups */,
				14867A1E22B1293400F5845B /* SwiftMiamiGroupsTests */,
			);
		};
/* End PBXProject section */

/* Begin PBXResourcesBuildPhase section */
		14735D8E22B09EBA0062F7BE /* Resources */ = {
			isa = PBXResourcesBuildPhase;
			buildActionMask = 2147483647;
			files = (
				14735DA022B09EBC0062F7BE /* LaunchScreen.storyboard in Resources */,
				14735D9D22B09EBC0062F7BE /* Preview Assets.xcassets in Resources */,
				14735D9A22B09EBC0062F7BE /* Assets.xcassets in Resources */,
			);
			runOnlyForDeploymentPostprocessing = 0;
		};
		14867A1D22B1293400F5845B /* Resources */ = {
			isa = PBXResourcesBuildPhase;
			buildActionMask = 2147483647;
			files = (
			);
			runOnlyForDeploymentPostprocessing = 0;
		};
/* End PBXResourcesBuildPhase section */

/* Begin PBXSourcesBuildPhase section */
		14735D8C22B09EBA0062F7BE /* Sources */ = {
			isa = PBXSourcesBuildPhase;
			buildActionMask = 2147483647;
			files = (
				14633C2522B0B97A00E0A3B8 /* DummyData.swift in Sources */,
				14735D9422B09EBA0062F7BE /* AppDelegate.swift in Sources */,
				14735D9622B09EBA0062F7BE /* SceneDelegate.swift in Sources */,
				14633C2722B0B9AF00E0A3B8 /* Group.swift in Sources */,
				14633C2322B0B50800E0A3B8 /* GroupView.swift in Sources */,
				14735D9822B09EBA0062F7BE /* ContentView.swift in Sources */,
				14735DAB22B0ADE20062F7BE /* PostView.swift in Sources */,
				14735DA922B0AD090062F7BE /* Post.swift in Sources */,
			);
			runOnlyForDeploymentPostprocessing = 0;
		};
		14867A1B22B1293400F5845B /* Sources */ = {
			isa = PBXSourcesBuildPhase;
			buildActionMask = 2147483647;
			files = (
				14867A2222B1293400F5845B /* SwiftMiamiGroupsTests.swift in Sources */,
			);
			runOnlyForDeploymentPostprocessing = 0;
		};
/* End PBXSourcesBuildPhase section */

/* Begin PBXTargetDependency section */
		14867A2522B1293400F5845B /* PBXTargetDependency */ = {
			isa = PBXTargetDependency;
			target = 14735D8F22B09EBA0062F7BE /* SwiftMiamiGroups */;
			targetProxy = 14867A2422B1293400F5845B /* PBXContainerItemProxy */;
		};
/* End PBXTargetDependency section */

/* Begin PBXVariantGroup section */
		14735D9E22B09EBC0062F7BE /* LaunchScreen.storyboard */ = {
			isa = PBXVariantGroup;
			children = (
				14735D9F22B09EBC0062F7BE /* Base */,
			);
			name = LaunchScreen.storyboard;
			sourceTree = "<group>";
		};
/* End PBXVariantGroup section */

/* Begin XCBuildConfiguration section */
		14735DA222B09EBC0062F7BE /* Debug */ = {
			isa = XCBuildConfiguration;
			buildSettings = {
				ALWAYS_SEARCH_USER_PATHS = NO;
				CLANG_ANALYZER_NONNULL = YES;
				CLANG_ANALYZER_NUMBER_OBJECT_CONVERSION = YES_AGGRESSIVE;
				CLANG_CXX_LANGUAGE_STANDARD = "gnu++14";
				CLANG_CXX_LIBRARY = "libc++";
				CLANG_ENABLE_MODULES = YES;
				CLANG_ENABLE_OBJC_ARC = YES;
				CLANG_ENABLE_OBJC_WEAK = YES;
				CLANG_WARN_BLOCK_CAPTURE_AUTORELEASING = YES;
				CLANG_WARN_BOOL_CONVERSION = YES;
				CLANG_WARN_COMMA = YES;
				CLANG_WARN_CONSTANT_CONVERSION = YES;
				CLANG_WARN_DEPRECATED_OBJC_IMPLEMENTATIONS = YES;
				CLANG_WARN_DIRECT_OBJC_ISA_USAGE = YES_ERROR;
				CLANG_WARN_DOCUMENTATION_COMMENTS = YES;
				CLANG_WARN_EMPTY_BODY = YES;
				CLANG_WARN_ENUM_CONVERSION = YES;
				CLANG_WARN_INFINITE_RECURSION = YES;
				CLANG_WARN_INT_CONVERSION = YES;
				CLANG_WARN_NON_LITERAL_NULL_CONVERSION = YES;
				CLANG_WARN_OBJC_IMPLICIT_RETAIN_SELF = YES;
				CLANG_WARN_OBJC_LITERAL_CONVERSION = YES;
				CLANG_WARN_OBJC_ROOT_CLASS = YES_ERROR;
				CLANG_WARN_RANGE_LOOP_ANALYSIS = YES;
				CLANG_WARN_STRICT_PROTOTYPES = YES;
				CLANG_WARN_SUSPICIOUS_MOVE = YES;
				CLANG_WARN_UNGUARDED_AVAILABILITY = YES_AGGRESSIVE;
				CLANG_WARN_UNREACHABLE_CODE = YES;
				CLANG_WARN__DUPLICATE_METHOD_MATCH = YES;
				COPY_PHASE_STRIP = NO;
				DEBUG_INFORMATION_FORMAT = dwarf;
				ENABLE_STRICT_OBJC_MSGSEND = YES;
				ENABLE_TESTABILITY = YES;
				GCC_C_LANGUAGE_STANDARD = gnu11;
				GCC_DYNAMIC_NO_PIC = NO;
				GCC_NO_COMMON_BLOCKS = YES;
				GCC_OPTIMIZATION_LEVEL = 0;
				GCC_PREPROCESSOR_DEFINITIONS = (
					"DEBUG=1",
					"$(inherited)",
				);
				GCC_WARN_64_TO_32_BIT_CONVERSION = YES;
				GCC_WARN_ABOUT_RETURN_TYPE = YES_ERROR;
				GCC_WARN_UNDECLARED_SELECTOR = YES;
				GCC_WARN_UNINITIALIZED_AUTOS = YES_AGGRESSIVE;
				GCC_WARN_UNUSED_FUNCTION = YES;
				GCC_WARN_UNUSED_VARIABLE = YES;
				IPHONEOS_DEPLOYMENT_TARGET = 13.0;
				MTL_ENABLE_DEBUG_INFO = INCLUDE_SOURCE;
				MTL_FAST_MATH = YES;
				ONLY_ACTIVE_ARCH = YES;
				SDKROOT = iphoneos;
				SWIFT_ACTIVE_COMPILATION_CONDITIONS = DEBUG;
				SWIFT_OPTIMIZATION_LEVEL = "-Onone";
			};
			name = Debug;
		};
		14735DA322B09EBC0062F7BE /* Release */ = {
			isa = XCBuildConfiguration;
			buildSettings = {
				ALWAYS_SEARCH_USER_PATHS = NO;
				CLANG_ANALYZER_NONNULL = YES;
				CLANG_ANALYZER_NUMBER_OBJECT_CONVERSION = YES_AGGRESSIVE;
				CLANG_CXX_LANGUAGE_STANDARD = "gnu++14";
				CLANG_CXX_LIBRARY = "libc++";
				CLANG_ENABLE_MODULES = YES;
				CLANG_ENABLE_OBJC_ARC = YES;
				CLANG_ENABLE_OBJC_WEAK = YES;
				CLANG_WARN_BLOCK_CAPTURE_AUTORELEASING = YES;
				CLANG_WARN_BOOL_CONVERSION = YES;
				CLANG_WARN_COMMA = YES;
				CLANG_WARN_CONSTANT_CONVERSION = YES;
				CLANG_WARN_DEPRECATED_OBJC_IMPLEMENTATIONS = YES;
				CLANG_WARN_DIRECT_OBJC_ISA_USAGE = YES_ERROR;
				CLANG_WARN_DOCUMENTATION_COMMENTS = YES;
				CLANG_WARN_EMPTY_BODY = YES;
				CLANG_WARN_ENUM_CONVERSION = YES;
				CLANG_WARN_INFINITE_RECURSION = YES;
				CLANG_WARN_INT_CONVERSION = YES;
				CLANG_WARN_NON_LITERAL_NULL_CONVERSION = YES;
				CLANG_WARN_OBJC_IMPLICIT_RETAIN_SELF = YES;
				CLANG_WARN_OBJC_LITERAL_CONVERSION = YES;
				CLANG_WARN_OBJC_ROOT_CLASS = YES_ERROR;
				CLANG_WARN_RANGE_LOOP_ANALYSIS = YES;
				CLANG_WARN_STRICT_PROTOTYPES = YES;
				CLANG_WARN_SUSPICIOUS_MOVE = YES;
				CLANG_WARN_UNGUARDED_AVAILABILITY = YES_AGGRESSIVE;
				CLANG_WARN_UNREACHABLE_CODE = YES;
				CLANG_WARN__DUPLICATE_METHOD_MATCH = YES;
				COPY_PHASE_STRIP = NO;
				DEBUG_INFORMATION_FORMAT = "dwarf-with-dsym";
				ENABLE_NS_ASSERTIONS = NO;
				ENABLE_STRICT_OBJC_MSGSEND = YES;
				GCC_C_LANGUAGE_STANDARD = gnu11;
				GCC_NO_COMMON_BLOCKS = YES;
				GCC_WARN_64_TO_32_BIT_CONVERSION = YES;
				GCC_WARN_ABOUT_RETURN_TYPE = YES_ERROR;
				GCC_WARN_UNDECLARED_SELECTOR = YES;
				GCC_WARN_UNINITIALIZED_AUTOS = YES_AGGRESSIVE;
				GCC_WARN_UNUSED_FUNCTION = YES;
				GCC_WARN_UNUSED_VARIABLE = YES;
				IPHONEOS_DEPLOYMENT_TARGET = 13.0;
				MTL_ENABLE_DEBUG_INFO = NO;
				MTL_FAST_MATH = YES;
				SDKROOT = iphoneos;
				SWIFT_COMPILATION_MODE = wholemodule;
				SWIFT_OPTIMIZATION_LEVEL = "-O";
				VALIDATE_PRODUCT = YES;
			};
			name = Release;
		};
		14735DA522B09EBC0062F7BE /* Debug */ = {
			isa = XCBuildConfiguration;
			buildSettings = {
				ASSETCATALOG_COMPILER_APPICON_NAME = AppIcon;
				CODE_SIGN_STYLE = Automatic;
				DEVELOPMENT_ASSET_PATHS = "SwiftMiamiGroups/Preview\\ Content";
				ENABLE_PREVIEWS = YES;
				INFOPLIST_FILE = SwiftMiamiGroups/Info.plist;
				LD_RUNPATH_SEARCH_PATHS = (
					"$(inherited)",
					"@executable_path/Frameworks",
				);
				PRODUCT_BUNDLE_IDENTIFIER = com.coolstuff.yeah.SwiftMiamiGroups;
				PRODUCT_NAME = "$(TARGET_NAME)";
				SWIFT_VERSION = 5.0;
				TARGETED_DEVICE_FAMILY = "1,2";
			};
			name = Debug;
		};
		14735DA622B09EBC0062F7BE /* Release */ = {
			isa = XCBuildConfiguration;
			buildSettings = {
				ASSETCATALOG_COMPILER_APPICON_NAME = AppIcon;
				CODE_SIGN_STYLE = Automatic;
				DEVELOPMENT_ASSET_PATHS = "SwiftMiamiGroups/Preview\\ Content";
				ENABLE_PREVIEWS = YES;
				INFOPLIST_FILE = SwiftMiamiGroups/Info.plist;
				LD_RUNPATH_SEARCH_PATHS = (
					"$(inherited)",
					"@executable_path/Frameworks",
				);
				PRODUCT_BUNDLE_IDENTIFIER = com.coolstuff.yeah.SwiftMiamiGroups;
				PRODUCT_NAME = "$(TARGET_NAME)";
				SWIFT_VERSION = 5.0;
				TARGETED_DEVICE_FAMILY = "1,2";
			};
			name = Release;
		};
		14867A2622B1293400F5845B /* Debug */ = {
			isa = XCBuildConfiguration;
			buildSettings = {
				BUNDLE_LOADER = "$(TEST_HOST)";
				CODE_SIGN_STYLE = Automatic;
				INFOPLIST_FILE = SwiftMiamiGroupsTests/Info.plist;
				LD_RUNPATH_SEARCH_PATHS = (
					"$(inherited)",
					"@executable_path/Frameworks",
					"@loader_path/Frameworks",
				);
				PRODUCT_BUNDLE_IDENTIFIER = com.coolstuff.yeah.SwiftMiamiGroupsTests;
				PRODUCT_NAME = "$(TARGET_NAME)";
				SWIFT_VERSION = 5.0;
				TARGETED_DEVICE_FAMILY = "1,2";
				TEST_HOST = "$(BUILT_PRODUCTS_DIR)/SwiftMiamiGroups.app/SwiftMiamiGroups";
			};
			name = Debug;
		};
		14867A2722B1293400F5845B /* Release */ = {
			isa = XCBuildConfiguration;
			buildSettings = {
				BUNDLE_LOADER = "$(TEST_HOST)";
				CODE_SIGN_STYLE = Automatic;
				INFOPLIST_FILE = SwiftMiamiGroupsTests/Info.plist;
				LD_RUNPATH_SEARCH_PATHS = (
					"$(inherited)",
					"@executable_path/Frameworks",
					"@loader_path/Frameworks",
				);
				PRODUCT_BUNDLE_IDENTIFIER = com.coolstuff.yeah.SwiftMiamiGroupsTests;
				PRODUCT_NAME = "$(TARGET_NAME)";
				SWIFT_VERSION = 5.0;
				TARGETED_DEVICE_FAMILY = "1,2";
				TEST_HOST = "$(BUILT_PRODUCTS_DIR)/SwiftMiamiGroups.app/SwiftMiamiGroups";
			};
			name = Release;
		};
/* End XCBuildConfiguration section */

/* Begin XCConfigurationList section */
		14735D8B22B09EBA0062F7BE /* Build configuration list for PBXProject "SwiftMiamiGroups" */ = {
			isa = XCConfigurationList;
			buildConfigurations = (
				14735DA222B09EBC0062F7BE /* Debug */,
				14735DA322B09EBC0062F7BE /* Release */,
			);
			defaultConfigurationIsVisible = 0;
			defaultConfigurationName = Release;
		};
		14735DA422B09EBC0062F7BE /* Build configuration list for PBXNativeTarget "SwiftMiamiGroups" */ = {
			isa = XCConfigurationList;
			buildConfigurations = (
				14735DA522B09EBC0062F7BE /* Debug */,
				14735DA622B09EBC0062F7BE /* Release */,
			);
			defaultConfigurationIsVisible = 0;
			defaultConfigurationName = Release;
		};
		14867A2822B1293400F5845B /* Build configuration list for PBXNativeTarget "SwiftMiamiGroupsTests" */ = {
			isa = XCConfigurationList;
			buildConfigurations = (
				14867A2622B1293400F5845B /* Debug */,
				14867A2722B1293400F5845B /* Release */,
			);
			defaultConfigurationIsVisible = 0;
			defaultConfigurationName = Release;
		};
/* End XCConfigurationList section */
	};
	rootObject = 14735D8822B09EBA0062F7BE /* Project object */;
}
